
Microsoft Visual Studio Solution File, Format Version 12.00
# Visual Studio 15
VisualStudioVersion = 15.0.27428.2015
MinimumVisualStudioVersion = 10.0.40219.1
Project("{FAE04EC0-301F-11D3-BF4B-00C04F79EFBC}") = "CWishlist_win", "CWishlist_win\CWishlist_win.csproj", "{CECD8E8B-DB3C-4437-91AE-EF9582A6DC5C}"
EndProject
Global
	GlobalSection(SolutionConfigurationPlatforms) = preSolution
		Debug|Any CPU = Debug|Any CPU
		Debug|x64 = Debug|x64
		Release|Any CPU = Release|Any CPU
		Release|x64 = Release|x64
	EndGlobalSection
	GlobalSection(ProjectConfigurationPlatforms) = postSolution
		{CECD8E8B-DB3C-4437-91AE-EF9582A6DC5C}.Debug|Any CPU.ActiveCfg = Debug|Any CPU
		{CECD8E8B-DB3C-4437-91AE-EF9582A6DC5C}.Debug|Any CPU.Build.0 = Debug|Any CPU
		{CECD8E8B-DB3C-4437-91AE-EF9582A6DC5C}.Debug|x64.ActiveCfg = Debug|x64
		{CECD8E8B-DB3C-4437-91AE-EF9582A6DC5C}.Debug|x64.Build.0 = Debug|x64
		{CECD8E8B-DB3C-4437-91AE-EF9582A6DC5C}.Release|Any CPU.ActiveCfg = Release|Any CPU
		{CECD8E8B-DB3C-4437-91AE-EF9582A6DC5C}.Release|Any CPU.Build.0 = Release|Any CPU
		{CECD8E8B-DB3C-4437-91AE-EF9582A6DC5C}.Release|x64.ActiveCfg = Release|x64
		{CECD8E8B-DB3C-4437-91AE-EF9582A6DC5C}.Release|x64.Build.0 = Release|x64
	EndGlobalSection
	GlobalSection(SolutionProperties) = preSolution
		HideSolutionNode = FALSE
	EndGlobalSection
	GlobalSection(ExtensibilityGlobals) = postSolution
		SolutionGuid = {B60B255D-4D0D-45A4-925D-81803A1372EB}
	EndGlobalSection
EndGlobal
